
Microsoft Visual Studio Solution File, Format Version 12.00
# Visual Studio 15
VisualStudioVersion = 15.0.28307.329
MinimumVisualStudioVersion = 10.0.40219.1
Project("{FAE04EC0-301F-11D3-BF4B-00C04F79EFBC}") = "Auto_dz2", "Auto_dz2\Auto_dz2.csproj", "{CBC29EED-62B5-4E7A-9793-730BDB5840D9}"
EndProject
Global
	GlobalSection(SolutionConfigurationPlatforms) = preSolution
		Debug|Any CPU = Debug|Any CPU
		Release|Any CPU = Release|Any CPU
	EndGlobalSection
	GlobalSection(ProjectConfigurationPlatforms) = postSolution
		{CBC29EED-62B5-4E7A-9793-730BDB5840D9}.Debug|Any CPU.ActiveCfg = Debug|Any CPU
		{CBC29EED-62B5-4E7A-9793-730BDB5840D9}.Debug|Any CPU.Build.0 = Debug|Any CPU
		{CBC29EED-62B5-4E7A-9793-730BDB5840D9}.Release|Any CPU.ActiveCfg = Release|Any CPU
		{CBC29EED-62B5-4E7A-9793-730BDB5840D9}.Release|Any CPU.Build.0 = Release|Any CPU
	EndGlobalSection
	GlobalSection(SolutionProperties) = preSolution
		HideSolutionNode = FALSE
	EndGlobalSection
	GlobalSection(ExtensibilityGlobals) = postSolution
		SolutionGuid = {55D260ED-DEBE-4B3E-AF64-3EBAE16C82B8}
	EndGlobalSection
EndGlobal
